{
    "name": "ace-better-search",
    "version": "1.0.0",
    "lockfileVersion": 3,
    "requires": true,
    "packages": {
        "": {
            "name": "ace-better-search",
            "version": "1.0.0",
            "devDependencies": {
                "ace-code": "^1.39.0"
            }
        },
        "node_modules/ace-code": {
            "version": "1.39.0",
            "resolved": "https://registry.npmjs.org/ace-code/-/ace-code-1.39.0.tgz",
            "integrity": "sha512-6aSpPdwCu92iPQYrgONjSrvXDSxcEojwzPj2FHXugfSTrh3miyX27fMVWnRtktJEqqrQRj7+gC7q6hsvBW41bQ==",
            "dev": true,
            "license": "BSD-3-Clause",
            "engines": {
                "node": ">= 0.6.0"
            }
        }
    }
}
